
Microsoft Visual Studio Solution File, Format Version 12.00
# Visual Studio Version 17
VisualStudioVersion = 17.4.33103.184
MinimumVisualStudioVersion = 10.0.40219.1
Project("{FAE04EC0-301F-11D3-BF4B-00C04F79EFBC}") = "LibVentas", "LibVentas\LibVentas.csproj", "{32AA4AF0-2D86-463D-92C7-C0349FEB04DD}"
EndProject
Project("{FAE04EC0-301F-11D3-BF4B-00C04F79EFBC}") = "WindowsAppVentas", "WindowsAppVentas\WindowsAppVentas.csproj", "{28195A80-2D04-42E5-82A0-6F69E2645351}"
EndProject
Project("{FAE04EC0-301F-11D3-BF4B-00C04F79EFBC}") = "Negocio", "Negocio\Negocio.csproj", "{E8F55027-0996-4F04-B7AB-D2E2244E2B0B}"
EndProject
Global
	GlobalSection(SolutionConfigurationPlatforms) = preSolution
		Debug|Any CPU = Debug|Any CPU
		Release|Any CPU = Release|Any CPU
	EndGlobalSection
	GlobalSection(ProjectConfigurationPlatforms) = postSolution
		{32AA4AF0-2D86-463D-92C7-C0349FEB04DD}.Debug|Any CPU.ActiveCfg = Debug|Any CPU
		{32AA4AF0-2D86-463D-92C7-C0349FEB04DD}.Debug|Any CPU.Build.0 = Debug|Any CPU
		{32AA4AF0-2D86-463D-92C7-C0349FEB04DD}.Release|Any CPU.ActiveCfg = Release|Any CPU
		{32AA4AF0-2D86-463D-92C7-C0349FEB04DD}.Release|Any CPU.Build.0 = Release|Any CPU
		{28195A80-2D04-42E5-82A0-6F69E2645351}.Debug|Any CPU.ActiveCfg = Debug|Any CPU
		{28195A80-2D04-42E5-82A0-6F69E2645351}.Debug|Any CPU.Build.0 = Debug|Any CPU
		{28195A80-2D04-42E5-82A0-6F69E2645351}.Release|Any CPU.ActiveCfg = Release|Any CPU
		{28195A80-2D04-42E5-82A0-6F69E2645351}.Release|Any CPU.Build.0 = Release|Any CPU
		{E8F55027-0996-4F04-B7AB-D2E2244E2B0B}.Debug|Any CPU.ActiveCfg = Debug|Any CPU
		{E8F55027-0996-4F04-B7AB-D2E2244E2B0B}.Debug|Any CPU.Build.0 = Debug|Any CPU
		{E8F55027-0996-4F04-B7AB-D2E2244E2B0B}.Release|Any CPU.ActiveCfg = Release|Any CPU
		{E8F55027-0996-4F04-B7AB-D2E2244E2B0B}.Release|Any CPU.Build.0 = Release|Any CPU
	EndGlobalSection
	GlobalSection(SolutionProperties) = preSolution
		HideSolutionNode = FALSE
	EndGlobalSection
	GlobalSection(ExtensibilityGlobals) = postSolution
		SolutionGuid = {361AAFD2-5F44-4165-9976-0511005E3FCA}
	EndGlobalSection
EndGlobal
